// !$*UTF8*$!
{
	archiveVersion = 1;
	classes = {
	};
	objectVersion = 50;
	objects = {

/* Begin PBXBuildFile section */
		9560D3D120C63676008E544A /* NotifyViewController.xib in Resources */ = {isa = PBXBuildFile; fileRef = 9560D3CF20C63676008E544A /* NotifyViewController.xib */; };
		9560D3D220C63676008E544A /* NotifyViewController.swift in Sources */ = {isa = PBXBuildFile; fileRef = 9560D3D020C63676008E544A /* NotifyViewController.swift */; };
		9560D3D520C636AA008E544A /* AppColor.swift in Sources */ = {isa = PBXBuildFile; fileRef = 9560D3D420C636A9008E544A /* AppColor.swift */; };
		9560D3D920C639D5008E544A /* RegisterViewController.swift in Sources */ = {isa = PBXBuildFile; fileRef = 9560D3D720C639D5008E544A /* RegisterViewController.swift */; };
		9560D3DA20C639D5008E544A /* RegisterViewController.xib in Resources */ = {isa = PBXBuildFile; fileRef = 9560D3D820C639D5008E544A /* RegisterViewController.xib */; };
		9560D3E020C63E75008E544A /* APIRequestProvider.swift in Sources */ = {isa = PBXBuildFile; fileRef = 9560D3DE20C63E75008E544A /* APIRequestProvider.swift */; };
		9560D3E120C63E75008E544A /* APIServices.swift in Sources */ = {isa = PBXBuildFile; fileRef = 9560D3DF20C63E75008E544A /* APIServices.swift */; };
		9560D3E620C63EA2008E544A /* Feeds.swift in Sources */ = {isa = PBXBuildFile; fileRef = 9560D3E320C63EA2008E544A /* Feeds.swift */; };
		9560D3E720C63EA2008E544A /* Newsfeed.swift in Sources */ = {isa = PBXBuildFile; fileRef = 9560D3E420C63EA2008E544A /* Newsfeed.swift */; };
		9560D3E820C63EA2008E544A /* Stories.swift in Sources */ = {isa = PBXBuildFile; fileRef = 9560D3E520C63EA2008E544A /* Stories.swift */; };
		9560D3EB20C63EAA008E544A /* NewsFeedViewModel.swift in Sources */ = {isa = PBXBuildFile; fileRef = 9560D3EA20C63EAA008E544A /* NewsFeedViewModel.swift */; };
		9560D3FB20C63EDE008E544A /* FeedTableViewCell.swift in Sources */ = {isa = PBXBuildFile; fileRef = 9560D3EE20C63EDE008E544A /* FeedTableViewCell.swift */; };
		9560D3FC20C63EDE008E544A /* FeedTableViewCell.xib in Resources */ = {isa = PBXBuildFile; fileRef = 9560D3EF20C63EDE008E544A /* FeedTableViewCell.xib */; };
		9560D3FF20C63EDE008E544A /* NewsfeedViewController.swift in Sources */ = {isa = PBXBuildFile; fileRef = 9560D3F320C63EDE008E544A /* NewsfeedViewController.swift */; };
		9560D40020C63EDE008E544A /* NewsfeedViewController.xib in Resources */ = {isa = PBXBuildFile; fileRef = 9560D3F420C63EDE008E544A /* NewsfeedViewController.xib */; };
		9560D40620C63F0D008E544A /* DateExtension.swift in Sources */ = {isa = PBXBuildFile; fileRef = 9560D40520C63F0D008E544A /* DateExtension.swift */; };
		9560D40820C63F12008E544A /* IntExtension.swift in Sources */ = {isa = PBXBuildFile; fileRef = 9560D40720C63F12008E544A /* IntExtension.swift */; };
		9560D40A20C63F23008E544A /* UIViewExtension.swift in Sources */ = {isa = PBXBuildFile; fileRef = 9560D40920C63F23008E544A /* UIViewExtension.swift */; };
		9560D40E20C63FA3008E544A /* BaseViewController.swift in Sources */ = {isa = PBXBuildFile; fileRef = 9560D40D20C63FA3008E544A /* BaseViewController.swift */; };
		9560D41020C64124008E544A /* UIViewControllerExtension.swift in Sources */ = {isa = PBXBuildFile; fileRef = 9560D40F20C64124008E544A /* UIViewControllerExtension.swift */; };
		9560D41220C64194008E544A /* UIImageExtension.swift in Sources */ = {isa = PBXBuildFile; fileRef = 9560D41120C64194008E544A /* UIImageExtension.swift */; };
		9560D41420C641CA008E544A /* UIImageViewExtension.swift in Sources */ = {isa = PBXBuildFile; fileRef = 9560D41320C641CA008E544A /* UIImageViewExtension.swift */; };
		9562B51720BD294900C8F236 /* Utilities.swift in Sources */ = {isa = PBXBuildFile; fileRef = 9562B51620BD294900C8F236 /* Utilities.swift */; };
		95AD674E20C68B900005CD7C /* ItemPhotoView.swift in Sources */ = {isa = PBXBuildFile; fileRef = 95AD674C20C68B900005CD7C /* ItemPhotoView.swift */; };
		95AD674F20C68B900005CD7C /* ItemPhotoView.xib in Resources */ = {isa = PBXBuildFile; fileRef = 95AD674D20C68B900005CD7C /* ItemPhotoView.xib */; };
		95AD675620C68BB00005CD7C /* StoryCollectionViewCell.swift in Sources */ = {isa = PBXBuildFile; fileRef = 95AD675220C68BB00005CD7C /* StoryCollectionViewCell.swift */; };
		95AD675720C68BB00005CD7C /* StoryCollectionViewCell.xib in Resources */ = {isa = PBXBuildFile; fileRef = 95AD675320C68BB00005CD7C /* StoryCollectionViewCell.xib */; };
		95AD675820C68BB00005CD7C /* StoryView.swift in Sources */ = {isa = PBXBuildFile; fileRef = 95AD675420C68BB00005CD7C /* StoryView.swift */; };
		95AD675920C68BB00005CD7C /* StoryView.xib in Resources */ = {isa = PBXBuildFile; fileRef = 95AD675520C68BB00005CD7C /* StoryView.xib */; };
		95AD675B20C68C660005CD7C /* AppEnum.swift in Sources */ = {isa = PBXBuildFile; fileRef = 95AD675A20C68C660005CD7C /* AppEnum.swift */; };
		95DAB67220C768500042613E /* ProfileViewController.swift in Sources */ = {isa = PBXBuildFile; fileRef = 95DAB67020C768500042613E /* ProfileViewController.swift */; };
		95DAB67320C768500042613E /* ProfileViewController.xib in Resources */ = {isa = PBXBuildFile; fileRef = 95DAB67120C768500042613E /* ProfileViewController.xib */; };
		95DAB67D20C7806C0042613E /* ProfileViewModel.swift in Sources */ = {isa = PBXBuildFile; fileRef = 95DAB67C20C7806C0042613E /* ProfileViewModel.swift */; };
		95DAB67F20C780DB0042613E /* Profile.swift in Sources */ = {isa = PBXBuildFile; fileRef = 95DAB67E20C780DB0042613E /* Profile.swift */; };
		95DAB68120C780EA0042613E /* About.swift in Sources */ = {isa = PBXBuildFile; fileRef = 95DAB68020C780EA0042613E /* About.swift */; };
		95DAB68320C787670042613E /* ProfileModel.swift in Sources */ = {isa = PBXBuildFile; fileRef = 95DAB68220C787670042613E /* ProfileModel.swift */; };
		95DAB68720C7CBE40042613E /* ProfileTableViewCell.swift in Sources */ = {isa = PBXBuildFile; fileRef = 95DAB68520C7CBE40042613E /* ProfileTableViewCell.swift */; };
		95DAB68820C7CBE40042613E /* ProfileTableViewCell.xib in Resources */ = {isa = PBXBuildFile; fileRef = 95DAB68620C7CBE40042613E /* ProfileTableViewCell.xib */; };
		95DAB68C20C7D83C0042613E /* AboutTableViewCell.swift in Sources */ = {isa = PBXBuildFile; fileRef = 95DAB68A20C7D83C0042613E /* AboutTableViewCell.swift */; };
		95DAB68D20C7D83C0042613E /* AboutTableViewCell.xib in Resources */ = {isa = PBXBuildFile; fileRef = 95DAB68B20C7D83C0042613E /* AboutTableViewCell.xib */; };
		95EA50A420BBF2F700B298AA /* AppDelegate.swift in Sources */ = {isa = PBXBuildFile; fileRef = 95EA50A320BBF2F700B298AA /* AppDelegate.swift */; };
		95EA50AB20BBF2F800B298AA /* Assets.xcassets in Resources */ = {isa = PBXBuildFile; fileRef = 95EA50AA20BBF2F800B298AA /* Assets.xcassets */; };
		95EA50AE20BBF2F800B298AA /* LaunchScreen.storyboard in Resources */ = {isa = PBXBuildFile; fileRef = 95EA50AC20BBF2F800B298AA /* LaunchScreen.storyboard */; };
		95EA50BA20BBF9FD00B298AA /* LoginViewController.swift in Sources */ = {isa = PBXBuildFile; fileRef = 95EA50B820BBF9FD00B298AA /* LoginViewController.swift */; };
		95EA50BB20BBF9FD00B298AA /* LoginViewController.xib in Resources */ = {isa = PBXBuildFile; fileRef = 95EA50B920BBF9FD00B298AA /* LoginViewController.xib */; };
		95EF923A20BC01C700998D8D /* BaseNavigationController.swift in Sources */ = {isa = PBXBuildFile; fileRef = 95EF923920BC01C700998D8D /* BaseNavigationController.swift */; };
		95EF923D20BC028B00998D8D /* MainTabBarController.swift in Sources */ = {isa = PBXBuildFile; fileRef = 95EF923C20BC028B00998D8D /* MainTabBarController.swift */; };
		95EF924120BC089000998D8D /* UIColorExtension.swift in Sources */ = {isa = PBXBuildFile; fileRef = 95EF924020BC089000998D8D /* UIColorExtension.swift */; };
/* End PBXBuildFile section */

/* Begin PBXFileReference section */
		9560D3CF20C63676008E544A /* NotifyViewController.xib */ = {isa = PBXFileReference; fileEncoding = 4; lastKnownFileType = file.xib; path = NotifyViewController.xib; sourceTree = "<group>"; };
		9560D3D020C63676008E544A /* NotifyViewController.swift */ = {isa = PBXFileReference; fileEncoding = 4; lastKnownFileType = sourcecode.swift; path = NotifyViewController.swift; sourceTree = "<group>"; };
		9560D3D420C636A9008E544A /* AppColor.swift */ = {isa = PBXFileReference; fileEncoding = 4; lastKnownFileType = sourcecode.swift; path = AppColor.swift; sourceTree = "<group>"; };
		9560D3D720C639D5008E544A /* RegisterViewController.swift */ = {isa = PBXFileReference; fileEncoding = 4; lastKnownFileType = sourcecode.swift; path = RegisterViewController.swift; sourceTree = "<group>"; };
		9560D3D820C639D5008E544A /* RegisterViewController.xib */ = {isa = PBXFileReference; fileEncoding = 4; lastKnownFileType = file.xib; path = RegisterViewController.xib; sourceTree = "<group>"; };
		9560D3DE20C63E75008E544A /* APIRequestProvider.swift */ = {isa = PBXFileReference; fileEncoding = 4; lastKnownFileType = sourcecode.swift; path = APIRequestProvider.swift; sourceTree = "<group>"; };
		9560D3DF20C63E75008E544A /* APIServices.swift */ = {isa = PBXFileReference; fileEncoding = 4; lastKnownFileType = sourcecode.swift; path = APIServices.swift; sourceTree = "<group>"; };
		9560D3E320C63EA2008E544A /* Feeds.swift */ = {isa = PBXFileReference; fileEncoding = 4; lastKnownFileType = sourcecode.swift; path = Feeds.swift; sourceTree = "<group>"; };
		9560D3E420C63EA2008E544A /* Newsfeed.swift */ = {isa = PBXFileReference; fileEncoding = 4; lastKnownFileType = sourcecode.swift; path = Newsfeed.swift; sourceTree = "<group>"; };
		9560D3E520C63EA2008E544A /* Stories.swift */ = {isa = PBXFileReference; fileEncoding = 4; lastKnownFileType = sourcecode.swift; path = Stories.swift; sourceTree = "<group>"; };
		9560D3EA20C63EAA008E544A /* NewsFeedViewModel.swift */ = {isa = PBXFileReference; fileEncoding = 4; lastKnownFileType = sourcecode.swift; path = NewsFeedViewModel.swift; sourceTree = "<group>"; };
		9560D3EE20C63EDE008E544A /* FeedTableViewCell.swift */ = {isa = PBXFileReference; fileEncoding = 4; lastKnownFileType = sourcecode.swift; path = FeedTableViewCell.swift; sourceTree = "<group>"; };
		9560D3EF20C63EDE008E544A /* FeedTableViewCell.xib */ = {isa = PBXFileReference; fileEncoding = 4; lastKnownFileType = file.xib; path = FeedTableViewCell.xib; sourceTree = "<group>"; };
		9560D3F320C63EDE008E544A /* NewsfeedViewController.swift */ = {isa = PBXFileReference; fileEncoding = 4; lastKnownFileType = sourcecode.swift; path = NewsfeedViewController.swift; sourceTree = "<group>"; };
		9560D3F420C63EDE008E544A /* NewsfeedViewController.xib */ = {isa = PBXFileReference; fileEncoding = 4; lastKnownFileType = file.xib; path = NewsfeedViewController.xib; sourceTree = "<group>"; };
		9560D40520C63F0D008E544A /* DateExtension.swift */ = {isa = PBXFileReference; fileEncoding = 4; lastKnownFileType = sourcecode.swift; path = DateExtension.swift; sourceTree = "<group>"; };
		9560D40720C63F12008E544A /* IntExtension.swift */ = {isa = PBXFileReference; fileEncoding = 4; lastKnownFileType = sourcecode.swift; path = IntExtension.swift; sourceTree = "<group>"; };
		9560D40920C63F23008E544A /* UIViewExtension.swift */ = {isa = PBXFileReference; fileEncoding = 4; lastKnownFileType = sourcecode.swift; path = UIViewExtension.swift; sourceTree = "<group>"; };
		9560D40D20C63FA3008E544A /* BaseViewController.swift */ = {isa = PBXFileReference; fileEncoding = 4; lastKnownFileType = sourcecode.swift; path = BaseViewController.swift; sourceTree = "<group>"; };
		9560D40F20C64124008E544A /* UIViewControllerExtension.swift */ = {isa = PBXFileReference; fileEncoding = 4; lastKnownFileType = sourcecode.swift; path = UIViewControllerExtension.swift; sourceTree = "<group>"; };
		9560D41120C64194008E544A /* UIImageExtension.swift */ = {isa = PBXFileReference; fileEncoding = 4; lastKnownFileType = sourcecode.swift; path = UIImageExtension.swift; sourceTree = "<group>"; };
		9560D41320C641CA008E544A /* UIImageViewExtension.swift */ = {isa = PBXFileReference; fileEncoding = 4; lastKnownFileType = sourcecode.swift; path = UIImageViewExtension.swift; sourceTree = "<group>"; };
		9562B51620BD294900C8F236 /* Utilities.swift */ = {isa = PBXFileReference; lastKnownFileType = sourcecode.swift; path = Utilities.swift; sourceTree = "<group>"; };
		95AD674C20C68B900005CD7C /* ItemPhotoView.swift */ = {isa = PBXFileReference; fileEncoding = 4; lastKnownFileType = sourcecode.swift; path = ItemPhotoView.swift; sourceTree = "<group>"; };
		95AD674D20C68B900005CD7C /* ItemPhotoView.xib */ = {isa = PBXFileReference; fileEncoding = 4; lastKnownFileType = file.xib; path = ItemPhotoView.xib; sourceTree = "<group>"; };
		95AD675220C68BB00005CD7C /* StoryCollectionViewCell.swift */ = {isa = PBXFileReference; fileEncoding = 4; lastKnownFileType = sourcecode.swift; path = StoryCollectionViewCell.swift; sourceTree = "<group>"; };
		95AD675320C68BB00005CD7C /* StoryCollectionViewCell.xib */ = {isa = PBXFileReference; fileEncoding = 4; lastKnownFileType = file.xib; path = StoryCollectionViewCell.xib; sourceTree = "<group>"; };
		95AD675420C68BB00005CD7C /* StoryView.swift */ = {isa = PBXFileReference; fileEncoding = 4; lastKnownFileType = sourcecode.swift; path = StoryView.swift; sourceTree = "<group>"; };
		95AD675520C68BB00005CD7C /* StoryView.xib */ = {isa = PBXFileReference; fileEncoding = 4; lastKnownFileType = file.xib; path = StoryView.xib; sourceTree = "<group>"; };
		95AD675A20C68C660005CD7C /* AppEnum.swift */ = {isa = PBXFileReference; fileEncoding = 4; lastKnownFileType = sourcecode.swift; path = AppEnum.swift; sourceTree = "<group>"; };
		95DAB67020C768500042613E /* ProfileViewController.swift */ = {isa = PBXFileReference; fileEncoding = 4; lastKnownFileType = sourcecode.swift; path = ProfileViewController.swift; sourceTree = "<group>"; };
		95DAB67120C768500042613E /* ProfileViewController.xib */ = {isa = PBXFileReference; fileEncoding = 4; lastKnownFileType = file.xib; path = ProfileViewController.xib; sourceTree = "<group>"; };
		95DAB67C20C7806C0042613E /* ProfileViewModel.swift */ = {isa = PBXFileReference; lastKnownFileType = sourcecode.swift; path = ProfileViewModel.swift; sourceTree = "<group>"; };
		95DAB67E20C780DB0042613E /* Profile.swift */ = {isa = PBXFileReference; lastKnownFileType = sourcecode.swift; path = Profile.swift; sourceTree = "<group>"; };
		95DAB68020C780EA0042613E /* About.swift */ = {isa = PBXFileReference; lastKnownFileType = sourcecode.swift; path = About.swift; sourceTree = "<group>"; };
		95DAB68220C787670042613E /* ProfileModel.swift */ = {isa = PBXFileReference; lastKnownFileType = sourcecode.swift; path = ProfileModel.swift; sourceTree = "<group>"; };
		95DAB68520C7CBE40042613E /* ProfileTableViewCell.swift */ = {isa = PBXFileReference; lastKnownFileType = sourcecode.swift; path = ProfileTableViewCell.swift; sourceTree = "<group>"; };
		95DAB68620C7CBE40042613E /* ProfileTableViewCell.xib */ = {isa = PBXFileReference; lastKnownFileType = file.xib; path = ProfileTableViewCell.xib; sourceTree = "<group>"; };
		95DAB68A20C7D83C0042613E /* AboutTableViewCell.swift */ = {isa = PBXFileReference; lastKnownFileType = sourcecode.swift; path = AboutTableViewCell.swift; sourceTree = "<group>"; };
		95DAB68B20C7D83C0042613E /* AboutTableViewCell.xib */ = {isa = PBXFileReference; lastKnownFileType = file.xib; path = AboutTableViewCell.xib; sourceTree = "<group>"; };
		95EA50A020BBF2F700B298AA /* FBNewFeeds.app */ = {isa = PBXFileReference; explicitFileType = wrapper.application; includeInIndex = 0; path = FBNewFeeds.app; sourceTree = BUILT_PRODUCTS_DIR; };
		95EA50A320BBF2F700B298AA /* AppDelegate.swift */ = {isa = PBXFileReference; lastKnownFileType = sourcecode.swift; path = AppDelegate.swift; sourceTree = "<group>"; };
		95EA50AA20BBF2F800B298AA /* Assets.xcassets */ = {isa = PBXFileReference; lastKnownFileType = folder.assetcatalog; path = Assets.xcassets; sourceTree = "<group>"; };
		95EA50AD20BBF2F800B298AA /* Base */ = {isa = PBXFileReference; lastKnownFileType = file.storyboard; name = Base; path = Base.lproj/LaunchScreen.storyboard; sourceTree = "<group>"; };
		95EA50AF20BBF2F800B298AA /* Info.plist */ = {isa = PBXFileReference; lastKnownFileType = text.plist.xml; path = Info.plist; sourceTree = "<group>"; };
		95EA50B820BBF9FD00B298AA /* LoginViewController.swift */ = {isa = PBXFileReference; lastKnownFileType = sourcecode.swift; path = LoginViewController.swift; sourceTree = "<group>"; };
		95EA50B920BBF9FD00B298AA /* LoginViewController.xib */ = {isa = PBXFileReference; lastKnownFileType = file.xib; path = LoginViewController.xib; sourceTree = "<group>"; };
		95EF923920BC01C700998D8D /* BaseNavigationController.swift */ = {isa = PBXFileReference; lastKnownFileType = sourcecode.swift; path = BaseNavigationController.swift; sourceTree = "<group>"; };
		95EF923C20BC028B00998D8D /* MainTabBarController.swift */ = {isa = PBXFileReference; lastKnownFileType = sourcecode.swift; path = MainTabBarController.swift; sourceTree = "<group>"; };
		95EF924020BC089000998D8D /* UIColorExtension.swift */ = {isa = PBXFileReference; lastKnownFileType = sourcecode.swift; path = UIColorExtension.swift; sourceTree = "<group>"; };
/* End PBXFileReference section */

/* Begin PBXFrameworksBuildPhase section */
		95EA509D20BBF2F700B298AA /* Frameworks */ = {
			isa = PBXFrameworksBuildPhase;
			buildActionMask = 2147483647;
			files = (
			);
			runOnlyForDeploymentPostprocessing = 0;
		};
/* End PBXFrameworksBuildPhase section */

/* Begin PBXGroup section */
		9560D3CD20C63561008E544A /* Modules */ = {
			isa = PBXGroup;
			children = (
				9560D3D620C639D5008E544A /* Register */,
				9560D3CE20C6365E008E544A /* Notify */,
				95EA50B720BBF9D200B298AA /* NewFeeds */,
				95EA50B620BBF9BB00B298AA /* Profile */,
				95EA50B520BBF9B100B298AA /* Login */,
				95EF923B20BC025800998D8D /* TabBar */,
				95EF923820BC019700998D8D /* BaseController */,
			);
			path = Modules;
			sourceTree = "<group>";
		};
		9560D3CE20C6365E008E544A /* Notify */ = {
			isa = PBXGroup;
			children = (
				9560D3D020C63676008E544A /* NotifyViewController.swift */,
				9560D3CF20C63676008E544A /* NotifyViewController.xib */,
			);
			path = Notify;
			sourceTree = "<group>";
		};
		9560D3D320C6368D008E544A /* Configs */ = {
			isa = PBXGroup;
			children = (
				95AD675A20C68C660005CD7C /* AppEnum.swift */,
				9560D3D420C636A9008E544A /* AppColor.swift */,
			);
			path = Configs;
			sourceTree = "<group>";
		};
		9560D3D620C639D5008E544A /* Register */ = {
			isa = PBXGroup;
			children = (
				9560D3D720C639D5008E544A /* RegisterViewController.swift */,
				9560D3D820C639D5008E544A /* RegisterViewController.xib */,
			);
			path = Register;
			sourceTree = "<group>";
		};
		9560D3DD20C63E75008E544A /* APIServices */ = {
			isa = PBXGroup;
			children = (
				9560D3DE20C63E75008E544A /* APIRequestProvider.swift */,
				9560D3DF20C63E75008E544A /* APIServices.swift */,
			);
			path = APIServices;
			sourceTree = "<group>";
		};
		9560D3E220C63EA2008E544A /* Models */ = {
			isa = PBXGroup;
			children = (
				9560D3E320C63EA2008E544A /* Feeds.swift */,
				9560D3E420C63EA2008E544A /* Newsfeed.swift */,
				9560D3E520C63EA2008E544A /* Stories.swift */,
			);
			path = Models;
			sourceTree = "<group>";
		};
		9560D3E920C63EAA008E544A /* ViewModel */ = {
			isa = PBXGroup;
			children = (
				9560D3EA20C63EAA008E544A /* NewsFeedViewModel.swift */,
			);
			path = ViewModel;
			sourceTree = "<group>";
		};
		9560D3EC20C63EDE008E544A /* Views */ = {
			isa = PBXGroup;
			children = (
				95AD675020C68BB00005CD7C /* StoryView */,
				9560D3ED20C63EDE008E544A /* Cells */,
				9560D3F320C63EDE008E544A /* NewsfeedViewController.swift */,
				9560D3F420C63EDE008E544A /* NewsfeedViewController.xib */,
			);
			path = Views;
			sourceTree = "<group>";
		};
		9560D3ED20C63EDE008E544A /* Cells */ = {
			isa = PBXGroup;
			children = (
				95AD674B20C68B900005CD7C /* ItemPhotoView */,
				9560D3EE20C63EDE008E544A /* FeedTableViewCell.swift */,
				9560D3EF20C63EDE008E544A /* FeedTableViewCell.xib */,
			);
			path = Cells;
			sourceTree = "<group>";
		};
		9562B51520BD292500C8F236 /* Utilities */ = {
			isa = PBXGroup;
			children = (
				9562B51620BD294900C8F236 /* Utilities.swift */,
			);
			path = Utilities;
			sourceTree = "<group>";
		};
		95AD674B20C68B900005CD7C /* ItemPhotoView */ = {
			isa = PBXGroup;
			children = (
				95AD674C20C68B900005CD7C /* ItemPhotoView.swift */,
				95AD674D20C68B900005CD7C /* ItemPhotoView.xib */,
			);
			path = ItemPhotoView;
			sourceTree = "<group>";
		};
		95AD675020C68BB00005CD7C /* StoryView */ = {
			isa = PBXGroup;
			children = (
				95AD675120C68BB00005CD7C /* Cells */,
				95AD675420C68BB00005CD7C /* StoryView.swift */,
				95AD675520C68BB00005CD7C /* StoryView.xib */,
			);
			path = StoryView;
			sourceTree = "<group>";
		};
		95AD675120C68BB00005CD7C /* Cells */ = {
			isa = PBXGroup;
			children = (
				95AD675220C68BB00005CD7C /* StoryCollectionViewCell.swift */,
				95AD675320C68BB00005CD7C /* StoryCollectionViewCell.xib */,
			);
			path = Cells;
			sourceTree = "<group>";
		};
		95DAB67420C768720042613E /* Views */ = {
			isa = PBXGroup;
			children = (
				95DAB68420C7CAF00042613E /* ProfileTableViewCell */,
				95DAB67020C768500042613E /* ProfileViewController.swift */,
				95DAB67120C768500042613E /* ProfileViewController.xib */,
			);
			path = Views;
			sourceTree = "<group>";
		};
		95DAB67A20C7802C0042613E /* Models */ = {
			isa = PBXGroup;
			children = (
				95DAB67E20C780DB0042613E /* Profile.swift */,
				95DAB68020C780EA0042613E /* About.swift */,
				95DAB68220C787670042613E /* ProfileModel.swift */,
			);
			path = Models;
			sourceTree = "<group>";
		};
		95DAB67B20C7803B0042613E /* ViewModel */ = {
			isa = PBXGroup;
			children = (
				95DAB67C20C7806C0042613E /* ProfileViewModel.swift */,
			);
			path = ViewModel;
			sourceTree = "<group>";
		};
		95DAB68420C7CAF00042613E /* ProfileTableViewCell */ = {
			isa = PBXGroup;
			children = (
				95DAB68920C7D82A0042613E /* Cell */,
				95DAB68520C7CBE40042613E /* ProfileTableViewCell.swift */,
				95DAB68620C7CBE40042613E /* ProfileTableViewCell.xib */,
			);
			path = ProfileTableViewCell;
			sourceTree = "<group>";
		};
		95DAB68920C7D82A0042613E /* Cell */ = {
			isa = PBXGroup;
			children = (
				95DAB68A20C7D83C0042613E /* AboutTableViewCell.swift */,
				95DAB68B20C7D83C0042613E /* AboutTableViewCell.xib */,
			);
			path = Cell;
			sourceTree = "<group>";
		};
		95EA509720BBF2F700B298AA = {
			isa = PBXGroup;
			children = (
				95EA50A220BBF2F700B298AA /* FBNewFeeds */,
				95EA50A120BBF2F700B298AA /* Products */,
			);
			sourceTree = "<group>";
		};
		95EA50A120BBF2F700B298AA /* Products */ = {
			isa = PBXGroup;
			children = (
				95EA50A020BBF2F700B298AA /* FBNewFeeds.app */,
			);
			name = Products;
			sourceTree = "<group>";
		};
		95EA50A220BBF2F700B298AA /* FBNewFeeds */ = {
			isa = PBXGroup;
			children = (
				9560D3DD20C63E75008E544A /* APIServices */,
				9560D3D320C6368D008E544A /* Configs */,
				9560D3CD20C63561008E544A /* Modules */,
				9562B51520BD292500C8F236 /* Utilities */,
				95EF923520BBFAED00998D8D /* Extensions */,
				95EA50A320BBF2F700B298AA /* AppDelegate.swift */,
				95EA50AC20BBF2F800B298AA /* LaunchScreen.storyboard */,
				95EA50AF20BBF2F800B298AA /* Info.plist */,
				95EA50AA20BBF2F800B298AA /* Assets.xcassets */,
			);
			path = FBNewFeeds;
			sourceTree = "<group>";
		};
		95EA50B520BBF9B100B298AA /* Login */ = {
			isa = PBXGroup;
			children = (
				95EA50B820BBF9FD00B298AA /* LoginViewController.swift */,
				95EA50B920BBF9FD00B298AA /* LoginViewController.xib */,
			);
			path = Login;
			sourceTree = "<group>";
		};
		95EA50B620BBF9BB00B298AA /* Profile */ = {
			isa = PBXGroup;
			children = (
				95DAB67B20C7803B0042613E /* ViewModel */,
				95DAB67A20C7802C0042613E /* Models */,
				95DAB67420C768720042613E /* Views */,
			);
			path = Profile;
			sourceTree = "<group>";
		};
		95EA50B720BBF9D200B298AA /* NewFeeds */ = {
			isa = PBXGroup;
			children = (
				9560D3E220C63EA2008E544A /* Models */,
				9560D3EC20C63EDE008E544A /* Views */,
				9560D3E920C63EAA008E544A /* ViewModel */,
			);
			path = NewFeeds;
			sourceTree = "<group>";
		};
		95EF923520BBFAED00998D8D /* Extensions */ = {
			isa = PBXGroup;
			children = (
				9560D41320C641CA008E544A /* UIImageViewExtension.swift */,
				9560D41120C64194008E544A /* UIImageExtension.swift */,
				9560D40F20C64124008E544A /* UIViewControllerExtension.swift */,
				9560D40920C63F23008E544A /* UIViewExtension.swift */,
				9560D40720C63F12008E544A /* IntExtension.swift */,
				9560D40520C63F0D008E544A /* DateExtension.swift */,
				95EF924020BC089000998D8D /* UIColorExtension.swift */,
			);
			path = Extensions;
			sourceTree = "<group>";
		};
		95EF923820BC019700998D8D /* BaseController */ = {
			isa = PBXGroup;
			children = (
				9560D40D20C63FA3008E544A /* BaseViewController.swift */,
				95EF923920BC01C700998D8D /* BaseNavigationController.swift */,
			);
			path = BaseController;
			sourceTree = "<group>";
		};
		95EF923B20BC025800998D8D /* TabBar */ = {
			isa = PBXGroup;
			children = (
				95EF923C20BC028B00998D8D /* MainTabBarController.swift */,
			);
			path = TabBar;
			sourceTree = "<group>";
		};
/* End PBXGroup section */

/* Begin PBXNativeTarget section */
		95EA509F20BBF2F700B298AA /* FBNewFeeds */ = {
			isa = PBXNativeTarget;
			buildConfigurationList = 95EA50B220BBF2F800B298AA /* Build configuration list for PBXNativeTarget "FBNewFeeds" */;
			buildPhases = (
				95EA509C20BBF2F700B298AA /* Sources */,
				95EA509D20BBF2F700B298AA /* Frameworks */,
				95EA509E20BBF2F700B298AA /* Resources */,
				4B86404520BC05A2008D0E77 /* ShellScript */,
			);
			buildRules = (
			);
			dependencies = (
			);
			name = FBNewFeeds;
			productName = FBNewFeeds;
			productReference = 95EA50A020BBF2F700B298AA /* FBNewFeeds.app */;
			productType = "com.apple.product-type.application";
		};
/* End PBXNativeTarget section */

/* Begin PBXProject section */
		95EA509820BBF2F700B298AA /* Project object */ = {
			isa = PBXProject;
			attributes = {
				LastSwiftUpdateCheck = 0930;
				LastUpgradeCheck = 0930;
				ORGANIZATIONNAME = nguyen.tu.anh;
				TargetAttributes = {
					95EA509F20BBF2F700B298AA = {
						CreatedOnToolsVersion = 9.3.1;
					};
				};
			};
			buildConfigurationList = 95EA509B20BBF2F700B298AA /* Build configuration list for PBXProject "FBNewFeeds" */;
			compatibilityVersion = "Xcode 9.3";
			developmentRegion = en;
			hasScannedForEncodings = 0;
			knownRegions = (
				en,
				Base,
			);
			mainGroup = 95EA509720BBF2F700B298AA;
			productRefGroup = 95EA50A120BBF2F700B298AA /* Products */;
			projectDirPath = "";
			projectRoot = "";
			targets = (
				95EA509F20BBF2F700B298AA /* FBNewFeeds */,
			);
		};
/* End PBXProject section */

/* Begin PBXResourcesBuildPhase section */
		95EA509E20BBF2F700B298AA /* Resources */ = {
			isa = PBXResourcesBuildPhase;
			buildActionMask = 2147483647;
			files = (
				95EA50BB20BBF9FD00B298AA /* LoginViewController.xib in Resources */,
				95DAB68D20C7D83C0042613E /* AboutTableViewCell.xib in Resources */,
				95EA50AE20BBF2F800B298AA /* LaunchScreen.storyboard in Resources */,
				9560D3DA20C639D5008E544A /* RegisterViewController.xib in Resources */,
				95EA50AB20BBF2F800B298AA /* Assets.xcassets in Resources */,
				9560D3D120C63676008E544A /* NotifyViewController.xib in Resources */,
				95DAB67320C768500042613E /* ProfileViewController.xib in Resources */,
				9560D3FC20C63EDE008E544A /* FeedTableViewCell.xib in Resources */,
				95AD675920C68BB00005CD7C /* StoryView.xib in Resources */,
				95DAB68820C7CBE40042613E /* ProfileTableViewCell.xib in Resources */,
				95AD675720C68BB00005CD7C /* StoryCollectionViewCell.xib in Resources */,
				95AD674F20C68B900005CD7C /* ItemPhotoView.xib in Resources */,
				9560D40020C63EDE008E544A /* NewsfeedViewController.xib in Resources */,
			);
			runOnlyForDeploymentPostprocessing = 0;
		};
/* End PBXResourcesBuildPhase section */

/* Begin PBXShellScriptBuildPhase section */
		4B86404520BC05A2008D0E77 /* ShellScript */ = {
			isa = PBXShellScriptBuildPhase;
			buildActionMask = 2147483647;
			files = (
			);
			inputPaths = (
			);
			outputPaths = (
			);
			runOnlyForDeploymentPostprocessing = 0;
			shellPath = /bin/sh;
			shellScript = "if which swiftlint >/dev/null; then\nswiftlint\nelse echo \"warning: SwiftLint not installed\"\nfi";
		};
/* End PBXShellScriptBuildPhase section */

/* Begin PBXSourcesBuildPhase section */
		95EA509C20BBF2F700B298AA /* Sources */ = {
			isa = PBXSourcesBuildPhase;
			buildActionMask = 2147483647;
			files = (
				9560D41420C641CA008E544A /* UIImageViewExtension.swift in Sources */,
				95DAB68C20C7D83C0042613E /* AboutTableViewCell.swift in Sources */,
				95EA50BA20BBF9FD00B298AA /* LoginViewController.swift in Sources */,
				95AD675B20C68C660005CD7C /* AppEnum.swift in Sources */,
				9560D40620C63F0D008E544A /* DateExtension.swift in Sources */,
				9560D3FF20C63EDE008E544A /* NewsfeedViewController.swift in Sources */,
				9560D40820C63F12008E544A /* IntExtension.swift in Sources */,
				9560D40E20C63FA3008E544A /* BaseViewController.swift in Sources */,
				95DAB68720C7CBE40042613E /* ProfileTableViewCell.swift in Sources */,
				95EF923A20BC01C700998D8D /* BaseNavigationController.swift in Sources */,
				95DAB68320C787670042613E /* ProfileModel.swift in Sources */,
				95EF923D20BC028B00998D8D /* MainTabBarController.swift in Sources */,
				9560D3D520C636AA008E544A /* AppColor.swift in Sources */,
				95AD675820C68BB00005CD7C /* StoryView.swift in Sources */,
				95DAB67D20C7806C0042613E /* ProfileViewModel.swift in Sources */,
				95DAB68120C780EA0042613E /* About.swift in Sources */,
				9560D3D220C63676008E544A /* NotifyViewController.swift in Sources */,
				95EF924120BC089000998D8D /* UIColorExtension.swift in Sources */,
				95DAB67220C768500042613E /* ProfileViewController.swift in Sources */,
				9560D3FB20C63EDE008E544A /* FeedTableViewCell.swift in Sources */,
				9560D3E820C63EA2008E544A /* Stories.swift in Sources */,
				9560D3E020C63E75008E544A /* APIRequestProvider.swift in Sources */,
				9560D3D920C639D5008E544A /* RegisterViewController.swift in Sources */,
				9560D3E720C63EA2008E544A /* Newsfeed.swift in Sources */,
				9562B51720BD294900C8F236 /* Utilities.swift in Sources */,
				9560D3E620C63EA2008E544A /* Feeds.swift in Sources */,
				9560D40A20C63F23008E544A /* UIViewExtension.swift in Sources */,
				95AD674E20C68B900005CD7C /* ItemPhotoView.swift in Sources */,
				95DAB67F20C780DB0042613E /* Profile.swift in Sources */,
				9560D41020C64124008E544A /* UIViewControllerExtension.swift in Sources */,
				95AD675620C68BB00005CD7C /* StoryCollectionViewCell.swift in Sources */,
				95EA50A420BBF2F700B298AA /* AppDelegate.swift in Sources */,
				9560D3EB20C63EAA008E544A /* NewsFeedViewModel.swift in Sources */,
				9560D3E120C63E75008E544A /* APIServices.swift in Sources */,
				9560D41220C64194008E544A /* UIImageExtension.swift in Sources */,
			);
			runOnlyForDeploymentPostprocessing = 0;
		};
/* End PBXSourcesBuildPhase section */

/* Begin PBXVariantGroup section */
		95EA50AC20BBF2F800B298AA /* LaunchScreen.storyboard */ = {
			isa = PBXVariantGroup;
			children = (
				95EA50AD20BBF2F800B298AA /* Base */,
			);
			name = LaunchScreen.storyboard;
			sourceTree = "<group>";
		};
/* End PBXVariantGroup section */

/* Begin XCBuildConfiguration section */
		95EA50B020BBF2F800B298AA /* Debug */ = {
			isa = XCBuildConfiguration;
			buildSettings = {
				ALWAYS_SEARCH_USER_PATHS = NO;
				CLANG_ANALYZER_NONNULL = YES;
				CLANG_ANALYZER_NUMBER_OBJECT_CONVERSION = YES_AGGRESSIVE;
				CLANG_CXX_LANGUAGE_STANDARD = "gnu++14";
				CLANG_CXX_LIBRARY = "libc++";
				CLANG_ENABLE_MODULES = YES;
				CLANG_ENABLE_OBJC_ARC = YES;
				CLANG_ENABLE_OBJC_WEAK = YES;
				CLANG_WARN_BLOCK_CAPTURE_AUTORELEASING = YES;
				CLANG_WARN_BOOL_CONVERSION = YES;
				CLANG_WARN_COMMA = YES;
				CLANG_WARN_CONSTANT_CONVERSION = YES;
				CLANG_WARN_DEPRECATED_OBJC_IMPLEMENTATIONS = YES;
				CLANG_WARN_DIRECT_OBJC_ISA_USAGE = YES_ERROR;
				CLANG_WARN_DOCUMENTATION_COMMENTS = YES;
				CLANG_WARN_EMPTY_BODY = YES;
				CLANG_WARN_ENUM_CONVERSION = YES;
				CLANG_WARN_INFINITE_RECURSION = YES;
				CLANG_WARN_INT_CONVERSION = YES;
				CLANG_WARN_NON_LITERAL_NULL_CONVERSION = YES;
				CLANG_WARN_OBJC_IMPLICIT_RETAIN_SELF = YES;
				CLANG_WARN_OBJC_LITERAL_CONVERSION = YES;
				CLANG_WARN_OBJC_ROOT_CLASS = YES_ERROR;
				CLANG_WARN_RANGE_LOOP_ANALYSIS = YES;
				CLANG_WARN_STRICT_PROTOTYPES = YES;
				CLANG_WARN_SUSPICIOUS_MOVE = YES;
				CLANG_WARN_UNGUARDED_AVAILABILITY = YES_AGGRESSIVE;
				CLANG_WARN_UNREACHABLE_CODE = YES;
				CLANG_WARN__DUPLICATE_METHOD_MATCH = YES;
				CODE_SIGN_IDENTITY = "iPhone Developer";
				COPY_PHASE_STRIP = NO;
				DEBUG_INFORMATION_FORMAT = dwarf;
				ENABLE_STRICT_OBJC_MSGSEND = YES;
				ENABLE_TESTABILITY = YES;
				GCC_C_LANGUAGE_STANDARD = gnu11;
				GCC_DYNAMIC_NO_PIC = NO;
				GCC_NO_COMMON_BLOCKS = YES;
				GCC_OPTIMIZATION_LEVEL = 0;
				GCC_PREPROCESSOR_DEFINITIONS = (
					"DEBUG=1",
					"$(inherited)",
				);
				GCC_WARN_64_TO_32_BIT_CONVERSION = YES;
				GCC_WARN_ABOUT_RETURN_TYPE = YES_ERROR;
				GCC_WARN_UNDECLARED_SELECTOR = YES;
				GCC_WARN_UNINITIALIZED_AUTOS = YES_AGGRESSIVE;
				GCC_WARN_UNUSED_FUNCTION = YES;
				GCC_WARN_UNUSED_VARIABLE = YES;
				IPHONEOS_DEPLOYMENT_TARGET = 11.3;
				MTL_ENABLE_DEBUG_INFO = YES;
				ONLY_ACTIVE_ARCH = YES;
				SDKROOT = iphoneos;
				SWIFT_ACTIVE_COMPILATION_CONDITIONS = DEBUG;
				SWIFT_OPTIMIZATION_LEVEL = "-Onone";
			};
			name = Debug;
		};
		95EA50B120BBF2F800B298AA /* Release */ = {
			isa = XCBuildConfiguration;
			buildSettings = {
				ALWAYS_SEARCH_USER_PATHS = NO;
				CLANG_ANALYZER_NONNULL = YES;
				CLANG_ANALYZER_NUMBER_OBJECT_CONVERSION = YES_AGGRESSIVE;
				CLANG_CXX_LANGUAGE_STANDARD = "gnu++14";
				CLANG_CXX_LIBRARY = "libc++";
				CLANG_ENABLE_MODULES = YES;
				CLANG_ENABLE_OBJC_ARC = YES;
				CLANG_ENABLE_OBJC_WEAK = YES;
				CLANG_WARN_BLOCK_CAPTURE_AUTORELEASING = YES;
				CLANG_WARN_BOOL_CONVERSION = YES;
				CLANG_WARN_COMMA = YES;
				CLANG_WARN_CONSTANT_CONVERSION = YES;
				CLANG_WARN_DEPRECATED_OBJC_IMPLEMENTATIONS = YES;
				CLANG_WARN_DIRECT_OBJC_ISA_USAGE = YES_ERROR;
				CLANG_WARN_DOCUMENTATION_COMMENTS = YES;
				CLANG_WARN_EMPTY_BODY = YES;
				CLANG_WARN_ENUM_CONVERSION = YES;
				CLANG_WARN_INFINITE_RECURSION = YES;
				CLANG_WARN_INT_CONVERSION = YES;
				CLANG_WARN_NON_LITERAL_NULL_CONVERSION = YES;
				CLANG_WARN_OBJC_IMPLICIT_RETAIN_SELF = YES;
				CLANG_WARN_OBJC_LITERAL_CONVERSION = YES;
				CLANG_WARN_OBJC_ROOT_CLASS = YES_ERROR;
				CLANG_WARN_RANGE_LOOP_ANALYSIS = YES;
				CLANG_WARN_STRICT_PROTOTYPES = YES;
				CLANG_WARN_SUSPICIOUS_MOVE = YES;
				CLANG_WARN_UNGUARDED_AVAILABILITY = YES_AGGRESSIVE;
				CLANG_WARN_UNREACHABLE_CODE = YES;
				CLANG_WARN__DUPLICATE_METHOD_MATCH = YES;
				CODE_SIGN_IDENTITY = "iPhone Developer";
				COPY_PHASE_STRIP = NO;
				DEBUG_INFORMATION_FORMAT = "dwarf-with-dsym";
				ENABLE_NS_ASSERTIONS = NO;
				ENABLE_STRICT_OBJC_MSGSEND = YES;
				GCC_C_LANGUAGE_STANDARD = gnu11;
				GCC_NO_COMMON_BLOCKS = YES;
				GCC_WARN_64_TO_32_BIT_CONVERSION = YES;
				GCC_WARN_ABOUT_RETURN_TYPE = YES_ERROR;
				GCC_WARN_UNDECLARED_SELECTOR = YES;
				GCC_WARN_UNINITIALIZED_AUTOS = YES_AGGRESSIVE;
				GCC_WARN_UNUSED_FUNCTION = YES;
				GCC_WARN_UNUSED_VARIABLE = YES;
				IPHONEOS_DEPLOYMENT_TARGET = 11.3;
				MTL_ENABLE_DEBUG_INFO = NO;
				SDKROOT = iphoneos;
				SWIFT_COMPILATION_MODE = wholemodule;
				SWIFT_OPTIMIZATION_LEVEL = "-O";
				VALIDATE_PRODUCT = YES;
			};
			name = Release;
		};
		95EA50B320BBF2F800B298AA /* Debug */ = {
			isa = XCBuildConfiguration;
			buildSettings = {
				ASSETCATALOG_COMPILER_APPICON_NAME = AppIcon;
				CODE_SIGN_STYLE = Automatic;
				INFOPLIST_FILE = FBNewFeeds/Info.plist;
				LD_RUNPATH_SEARCH_PATHS = (
					"$(inherited)",
					"@executable_path/Frameworks",
				);
				PRODUCT_BUNDLE_IDENTIFIER = anhnt.FBNewFeeds;
				PRODUCT_NAME = "$(TARGET_NAME)";
				SWIFT_VERSION = 4.0;
				TARGETED_DEVICE_FAMILY = "1,2";
			};
			name = Debug;
		};
		95EA50B420BBF2F800B298AA /* Release */ = {
			isa = XCBuildConfiguration;
			buildSettings = {
				ASSETCATALOG_COMPILER_APPICON_NAME = AppIcon;
				CODE_SIGN_STYLE = Automatic;
				INFOPLIST_FILE = FBNewFeeds/Info.plist;
				LD_RUNPATH_SEARCH_PATHS = (
					"$(inherited)",
					"@executable_path/Frameworks",
				);
				PRODUCT_BUNDLE_IDENTIFIER = anhnt.FBNewFeeds;
				PRODUCT_NAME = "$(TARGET_NAME)";
				SWIFT_VERSION = 4.0;
				TARGETED_DEVICE_FAMILY = "1,2";
			};
			name = Release;
		};
/* End XCBuildConfiguration section */

/* Begin XCConfigurationList section */
		95EA509B20BBF2F700B298AA /* Build configuration list for PBXProject "FBNewFeeds" */ = {
			isa = XCConfigurationList;
			buildConfigurations = (
				95EA50B020BBF2F800B298AA /* Debug */,
				95EA50B120BBF2F800B298AA /* Release */,
			);
			defaultConfigurationIsVisible = 0;
			defaultConfigurationName = Release;
		};
		95EA50B220BBF2F800B298AA /* Build configuration list for PBXNativeTarget "FBNewFeeds" */ = {
			isa = XCConfigurationList;
			buildConfigurations = (
				95EA50B320BBF2F800B298AA /* Debug */,
				95EA50B420BBF2F800B298AA /* Release */,
			);
			defaultConfigurationIsVisible = 0;
			defaultConfigurationName = Release;
		};
/* End XCConfigurationList section */
	};
	rootObject = 95EA509820BBF2F700B298AA /* Project object */;
}
